
Microsoft Visual Studio Solution File, Format Version 12.00
# Visual Studio Version 16
VisualStudioVersion = 16.0.30907.101
MinimumVisualStudioVersion = 10.0.40219.1
Project("{FAE04EC0-301F-11D3-BF4B-00C04F79EFBC}") = "FinanceManagement", "FinanceManagement\FinanceManagement.csproj", "{B0F1EE52-F863-4DA5-9F9D-3088E1F17994}"
EndProject
Global
	GlobalSection(SolutionConfigurationPlatforms) = preSolution
		Debug|Any CPU = Debug|Any CPU
		Release|Any CPU = Release|Any CPU
	EndGlobalSection
	GlobalSection(ProjectConfigurationPlatforms) = postSolution
		{B0F1EE52-F863-4DA5-9F9D-3088E1F17994}.Debug|Any CPU.ActiveCfg = Debug|Any CPU
		{B0F1EE52-F863-4DA5-9F9D-3088E1F17994}.Debug|Any CPU.Build.0 = Debug|Any CPU
		{B0F1EE52-F863-4DA5-9F9D-3088E1F17994}.Release|Any CPU.ActiveCfg = Release|Any CPU
		{B0F1EE52-F863-4DA5-9F9D-3088E1F17994}.Release|Any CPU.Build.0 = Release|Any CPU
	EndGlobalSection
	GlobalSection(SolutionProperties) = preSolution
		HideSolutionNode = FALSE
	EndGlobalSection
	GlobalSection(ExtensibilityGlobals) = postSolution
		SolutionGuid = {60D933AB-E636-4854-9C98-C667B42A8D93}
	EndGlobalSection
EndGlobal
